// !$*UTF8*$!
{
	archiveVersion = 1;
	classes = {
	};
	objectVersion = 77;
	objects = {

/* Begin PBXContainerItemProxy section */
		CEE360BA2DCF78CC003012E2 /* PBXContainerItemProxy */ = {
			isa = PBXContainerItemProxy;
			containerPortal = CEE360A12DCF78CA003012E2 /* Project object */;
			proxyType = 1;
			remoteGlobalIDString = CEE360A82DCF78CA003012E2;
			remoteInfo = BuggyCoins;
		};
		CEE360C42DCF78CC003012E2 /* PBXContainerItemProxy */ = {
			isa = PBXContainerItemProxy;
			containerPortal = CEE360A12DCF78CA003012E2 /* Project object */;
			proxyType = 1;
			remoteGlobalIDString = CEE360A82DCF78CA003012E2;
			remoteInfo = BuggyCoins;
		};
/* End PBXContainerItemProxy section */

/* Begin PBXFileReference section */
		CEE360A92DCF78CA003012E2 /* BuggyCoins.app */ = {isa = PBXFileReference; explicitFileType = wrapper.application; includeInIndex = 0; path = BuggyCoins.app; sourceTree = BUILT_PRODUCTS_DIR; };
		CEE360B92DCF78CC003012E2 /* BuggyCoinsTests.xctest */ = {isa = PBXFileReference; explicitFileType = wrapper.cfbundle; includeInIndex = 0; path = BuggyCoinsTests.xctest; sourceTree = BUILT_PRODUCTS_DIR; };
		CEE360C32DCF78CC003012E2 /* BuggyCoinsUITests.xctest */ = {isa = PBXFileReference; explicitFileType = wrapper.cfbundle; includeInIndex = 0; path = BuggyCoinsUITests.xctest; sourceTree = BUILT_PRODUCTS_DIR; };
/* End PBXFileReference section */

/* Begin PBXFileSystemSynchronizedBuildFileExceptionSet section */
		CEFE47842DE30CDD00D2041A /* Exceptions for "BuggyCoins" folder in "BuggyCoins" target */ = {
			isa = PBXFileSystemSynchronizedBuildFileExceptionSet;
			membershipExceptions = (
				Info.plist,
			);
			target = CEE360A82DCF78CA003012E2 /* BuggyCoins */;
		};
/* End PBXFileSystemSynchronizedBuildFileExceptionSet section */

/* Begin PBXFileSystemSynchronizedRootGroup section */
		CEE360AB2DCF78CA003012E2 /* BuggyCoins */ = {
			isa = PBXFileSystemSynchronizedRootGroup;
			exceptions = (
				CEFE47842DE30CDD00D2041A /* Exceptions for "BuggyCoins" folder in "BuggyCoins" target */,
			);
			path = BuggyCoins;
			sourceTree = "<group>";
		};
		CEE360BC2DCF78CC003012E2 /* BuggyCoinsTests */ = {
			isa = PBXFileSystemSynchronizedRootGroup;
			path = BuggyCoinsTests;
			sourceTree = "<group>";
		};
		CEE360C62DCF78CC003012E2 /* BuggyCoinsUITests */ = {
			isa = PBXFileSystemSynchronizedRootGroup;
			path = BuggyCoinsUITests;
			sourceTree = "<group>";
		};
/* End PBXFileSystemSynchronizedRootGroup section */

/* Begin PBXFrameworksBuildPhase section */
		CEE360A62DCF78CA003012E2 /* Frameworks */ = {
			isa = PBXFrameworksBuildPhase;
			buildActionMask = 2147483647;
			files = (
			);
			runOnlyForDeploymentPostprocessing = 0;
		};
		CEE360B62DCF78CC003012E2 /* Frameworks */ = {
			isa = PBXFrameworksBuildPhase;
			buildActionMask = 2147483647;
			files = (
			);
			runOnlyForDeploymentPostprocessing = 0;
		};
		CEE360C02DCF78CC003012E2 /* Frameworks */ = {
			isa = PBXFrameworksBuildPhase;
			buildActionMask = 2147483647;
			files = (
			);
			runOnlyForDeploymentPostprocessing = 0;
		};
/* End PBXFrameworksBuildPhase section */

/* Begin PBXGroup section */
		CEE360A02DCF78CA003012E2 = {
			isa = PBXGroup;
			children = (
				CEE360AB2DCF78CA003012E2 /* BuggyCoins */,
				CEE360BC2DCF78CC003012E2 /* BuggyCoinsTests */,
				CEE360C62DCF78CC003012E2 /* BuggyCoinsUITests */,
				CEE360AA2DCF78CA003012E2 /* Products */,
			);
			sourceTree = "<group>";
		};
		CEE360AA2DCF78CA003012E2 /* Products */ = {
			isa = PBXGroup;
			children = (
				CEE360A92DCF78CA003012E2 /* BuggyCoins.app */,
				CEE360B92DCF78CC003012E2 /* BuggyCoinsTests.xctest */,
				CEE360C32DCF78CC003012E2 /* BuggyCoinsUITests.xctest */,
			);
			name = Products;
			sourceTree = "<group>";
		};
/* End PBXGroup section */

/* Begin PBXNativeTarget section */
		CEE360A82DCF78CA003012E2 /* BuggyCoins */ = {
			isa = PBXNativeTarget;
			buildConfigurationList = CEE360CD2DCF78CC003012E2 /* Build configuration list for PBXNativeTarget "BuggyCoins" */;
			buildPhases = (
				CEE360A52DCF78CA003012E2 /* Sources */,
				CEE360A62DCF78CA003012E2 /* Frameworks */,
				CEE360A72DCF78CA003012E2 /* Resources */,
			);
			buildRules = (
			);
			dependencies = (
			);
			fileSystemSynchronizedGroups = (
				CEE360AB2DCF78CA003012E2 /* BuggyCoins */,
			);
			name = BuggyCoins;
			packageProductDependencies = (
			);
			productName = BuggyCoins;
			productReference = CEE360A92DCF78CA003012E2 /* BuggyCoins.app */;
			productType = "com.apple.product-type.application";
		};
		CEE360B82DCF78CC003012E2 /* BuggyCoinsTests */ = {
			isa = PBXNativeTarget;
			buildConfigurationList = CEE360D02DCF78CC003012E2 /* Build configuration list for PBXNativeTarget "BuggyCoinsTests" */;
			buildPhases = (
				CEE360B52DCF78CC003012E2 /* Sources */,
				CEE360B62DCF78CC003012E2 /* Frameworks */,
				CEE360B72DCF78CC003012E2 /* Resources */,
			);
			buildRules = (
			);
			dependencies = (
				CEE360BB2DCF78CC003012E2 /* PBXTargetDependency */,
			);
			fileSystemSynchronizedGroups = (
				CEE360BC2DCF78CC003012E2 /* BuggyCoinsTests */,
			);
			name = BuggyCoinsTests;
			packageProductDependencies = (
			);
			productName = BuggyCoinsTests;
			productReference = CEE360B92DCF78CC003012E2 /* BuggyCoinsTests.xctest */;
			productType = "com.apple.product-type.bundle.unit-test";
		};
		CEE360C22DCF78CC003012E2 /* BuggyCoinsUITests */ = {
			isa = PBXNativeTarget;
			buildConfigurationList = CEE360D32DCF78CC003012E2 /* Build configuration list for PBXNativeTarget "BuggyCoinsUITests" */;
			buildPhases = (
				CEE360BF2DCF78CC003012E2 /* Sources */,
				CEE360C02DCF78CC003012E2 /* Frameworks */,
				CEE360C12DCF78CC003012E2 /* Resources */,
			);
			buildRules = (
			);
			dependencies = (
				CEE360C52DCF78CC003012E2 /* PBXTargetDependency */,
			);
			fileSystemSynchronizedGroups = (
				CEE360C62DCF78CC003012E2 /* BuggyCoinsUITests */,
			);
			name = BuggyCoinsUITests;
			packageProductDependencies = (
			);
			productName = BuggyCoinsUITests;
			productReference = CEE360C32DCF78CC003012E2 /* BuggyCoinsUITests.xctest */;
			productType = "com.apple.product-type.bundle.ui-testing";
		};
/* End PBXNativeTarget section */

/* Begin PBXProject section */
		CEE360A12DCF78CA003012E2 /* Project object */ = {
			isa = PBXProject;
			attributes = {
				BuildIndependentTargetsInParallel = 1;
				LastSwiftUpdateCheck = 1620;
				LastUpgradeCheck = 1620;
				TargetAttributes = {
					CEE360A82DCF78CA003012E2 = {
						CreatedOnToolsVersion = 16.2;
					};
					CEE360B82DCF78CC003012E2 = {
						CreatedOnToolsVersion = 16.2;
						TestTargetID = CEE360A82DCF78CA003012E2;
					};
					CEE360C22DCF78CC003012E2 = {
						CreatedOnToolsVersion = 16.2;
						TestTargetID = CEE360A82DCF78CA003012E2;
					};
				};
			};
			buildConfigurationList = CEE360A42DCF78CA003012E2 /* Build configuration list for PBXProject "BuggyCoins" */;
			developmentRegion = en;
			hasScannedForEncodings = 0;
			knownRegions = (
				en,
				Base,
			);
			mainGroup = CEE360A02DCF78CA003012E2;
			minimizedProjectReferenceProxies = 1;
			preferredProjectObjectVersion = 77;
			productRefGroup = CEE360AA2DCF78CA003012E2 /* Products */;
			projectDirPath = "";
			projectRoot = "";
			targets = (
				CEE360A82DCF78CA003012E2 /* BuggyCoins */,
				CEE360B82DCF78CC003012E2 /* BuggyCoinsTests */,
				CEE360C22DCF78CC003012E2 /* BuggyCoinsUITests */,
			);
		};
/* End PBXProject section */

/* Begin PBXResourcesBuildPhase section */
		CEE360A72DCF78CA003012E2 /* Resources */ = {
			isa = PBXResourcesBuildPhase;
			buildActionMask = 2147483647;
			files = (
			);
			runOnlyForDeploymentPostprocessing = 0;
		};
		CEE360B72DCF78CC003012E2 /* Resources */ = {
			isa = PBXResourcesBuildPhase;
			buildActionMask = 2147483647;
			files = (
			);
			runOnlyForDeploymentPostprocessing = 0;
		};
		CEE360C12DCF78CC003012E2 /* Resources */ = {
			isa = PBXResourcesBuildPhase;
			buildActionMask = 2147483647;
			files = (
			);
			runOnlyForDeploymentPostprocessing = 0;
		};
/* End PBXResourcesBuildPhase section */

/* Begin PBXSourcesBuildPhase section */
		CEE360A52DCF78CA003012E2 /* Sources */ = {
			isa = PBXSourcesBuildPhase;
			buildActionMask = 2147483647;
			files = (
			);
			runOnlyForDeploymentPostprocessing = 0;
		};
		CEE360B52DCF78CC003012E2 /* Sources */ = {
			isa = PBXSourcesBuildPhase;
			buildActionMask = 2147483647;
			files = (
			);
			runOnlyForDeploymentPostprocessing = 0;
		};
		CEE360BF2DCF78CC003012E2 /* Sources */ = {
			isa = PBXSourcesBuildPhase;
			buildActionMask = 2147483647;
			files = (
			);
			runOnlyForDeploymentPostprocessing = 0;
		};
/* End PBXSourcesBuildPhase section */

/* Begin PBXTargetDependency section */
		CEE360BB2DCF78CC003012E2 /* PBXTargetDependency */ = {
			isa = PBXTargetDependency;
			target = CEE360A82DCF78CA003012E2 /* BuggyCoins */;
			targetProxy = CEE360BA2DCF78CC003012E2 /* PBXContainerItemProxy */;
		};
		CEE360C52DCF78CC003012E2 /* PBXTargetDependency */ = {
			isa = PBXTargetDependency;
			target = CEE360A82DCF78CA003012E2 /* BuggyCoins */;
			targetProxy = CEE360C42DCF78CC003012E2 /* PBXContainerItemProxy */;
		};
/* End PBXTargetDependency section */

/* Begin XCBuildConfiguration section */
		CEE360CB2DCF78CC003012E2 /* Debug */ = {
			isa = XCBuildConfiguration;
			buildSettings = {
				ALWAYS_SEARCH_USER_PATHS = NO;
				ASSETCATALOG_COMPILER_GENERATE_SWIFT_ASSET_SYMBOL_EXTENSIONS = YES;
				CLANG_ANALYZER_NONNULL = YES;
				CLANG_ANALYZER_NUMBER_OBJECT_CONVERSION = YES_AGGRESSIVE;
				CLANG_CXX_LANGUAGE_STANDARD = "gnu++20";
				CLANG_ENABLE_MODULES = YES;
				CLANG_ENABLE_OBJC_ARC = YES;
				CLANG_ENABLE_OBJC_WEAK = YES;
				CLANG_WARN_BLOCK_CAPTURE_AUTORELEASING = YES;
				CLANG_WARN_BOOL_CONVERSION = YES;
				CLANG_WARN_COMMA = YES;
				CLANG_WARN_CONSTANT_CONVERSION = YES;
				CLANG_WARN_DEPRECATED_OBJC_IMPLEMENTATIONS = YES;
				CLANG_WARN_DIRECT_OBJC_ISA_USAGE = YES_ERROR;
				CLANG_WARN_DOCUMENTATION_COMMENTS = YES;
				CLANG_WARN_EMPTY_BODY = YES;
				CLANG_WARN_ENUM_CONVERSION = YES;
				CLANG_WARN_INFINITE_RECURSION = YES;
				CLANG_WARN_INT_CONVERSION = YES;
				CLANG_WARN_NON_LITERAL_NULL_CONVERSION = YES;
				CLANG_WARN_OBJC_IMPLICIT_RETAIN_SELF = YES;
				CLANG_WARN_OBJC_LITERAL_CONVERSION = YES;
				CLANG_WARN_OBJC_ROOT_CLASS = YES_ERROR;
				CLANG_WARN_QUOTED_INCLUDE_IN_FRAMEWORK_HEADER = YES;
				CLANG_WARN_RANGE_LOOP_ANALYSIS = YES;
				CLANG_WARN_STRICT_PROTOTYPES = YES;
				CLANG_WARN_SUSPICIOUS_MOVE = YES;
				CLANG_WARN_UNGUARDED_AVAILABILITY = YES_AGGRESSIVE;
				CLANG_WARN_UNREACHABLE_CODE = YES;
				CLANG_WARN__DUPLICATE_METHOD_MATCH = YES;
				COPY_PHASE_STRIP = NO;
				DEBUG_INFORMATION_FORMAT = dwarf;
				ENABLE_STRICT_OBJC_MSGSEND = YES;
				ENABLE_TESTABILITY = YES;
				ENABLE_USER_SCRIPT_SANDBOXING = YES;
				GCC_C_LANGUAGE_STANDARD = gnu17;
				GCC_DYNAMIC_NO_PIC = NO;
				GCC_NO_COMMON_BLOCKS = YES;
				GCC_OPTIMIZATION_LEVEL = 0;
				GCC_PREPROCESSOR_DEFINITIONS = (
					"DEBUG=1",
					"$(inherited)",
				);
				GCC_WARN_64_TO_32_BIT_CONVERSION = YES;
				GCC_WARN_ABOUT_RETURN_TYPE = YES_ERROR;
				GCC_WARN_UNDECLARED_SELECTOR = YES;
				GCC_WARN_UNINITIALIZED_AUTOS = YES_AGGRESSIVE;
				GCC_WARN_UNUSED_FUNCTION = YES;
				GCC_WARN_UNUSED_VARIABLE = YES;
				IPHONEOS_DEPLOYMENT_TARGET = 18.2;
				LOCALIZATION_PREFERS_STRING_CATALOGS = YES;
				MTL_ENABLE_DEBUG_INFO = INCLUDE_SOURCE;
				MTL_FAST_MATH = YES;
				ONLY_ACTIVE_ARCH = YES;
				SDKROOT = iphoneos;
				SWIFT_ACTIVE_COMPILATION_CONDITIONS = "DEBUG $(inherited)";
				SWIFT_OPTIMIZATION_LEVEL = "-Onone";
			};
			name = Debug;
		};
		CEE360CC2DCF78CC003012E2 /* Release */ = {
			isa = XCBuildConfiguration;
			buildSettings = {
				ALWAYS_SEARCH_USER_PATHS = NO;
				ASSETCATALOG_COMPILER_GENERATE_SWIFT_ASSET_SYMBOL_EXTENSIONS = YES;
				CLANG_ANALYZER_NONNULL = YES;
				CLANG_ANALYZER_NUMBER_OBJECT_CONVERSION = YES_AGGRESSIVE;
				CLANG_CXX_LANGUAGE_STANDARD = "gnu++20";
				CLANG_ENABLE_MODULES = YES;
				CLANG_ENABLE_OBJC_ARC = YES;
				CLANG_ENABLE_OBJC_WEAK = YES;
				CLANG_WARN_BLOCK_CAPTURE_AUTORELEASING = YES;
				CLANG_WARN_BOOL_CONVERSION = YES;
				CLANG_WARN_COMMA = YES;
				CLANG_WARN_CONSTANT_CONVERSION = YES;
				CLANG_WARN_DEPRECATED_OBJC_IMPLEMENTATIONS = YES;
				CLANG_WARN_DIRECT_OBJC_ISA_USAGE = YES_ERROR;
				CLANG_WARN_DOCUMENTATION_COMMENTS = YES;
				CLANG_WARN_EMPTY_BODY = YES;
				CLANG_WARN_ENUM_CONVERSION = YES;
				CLANG_WARN_INFINITE_RECURSION = YES;
				CLANG_WARN_INT_CONVERSION = YES;
				CLANG_WARN_NON_LITERAL_NULL_CONVERSION = YES;
				CLANG_WARN_OBJC_IMPLICIT_RETAIN_SELF = YES;
				CLANG_WARN_OBJC_LITERAL_CONVERSION = YES;
				CLANG_WARN_OBJC_ROOT_CLASS = YES_ERROR;
				CLANG_WARN_QUOTED_INCLUDE_IN_FRAMEWORK_HEADER = YES;
				CLANG_WARN_RANGE_LOOP_ANALYSIS = YES;
				CLANG_WARN_STRICT_PROTOTYPES = YES;
				CLANG_WARN_SUSPICIOUS_MOVE = YES;
				CLANG_WARN_UNGUARDED_AVAILABILITY = YES_AGGRESSIVE;
				CLANG_WARN_UNREACHABLE_CODE = YES;
				CLANG_WARN__DUPLICATE_METHOD_MATCH = YES;
				COPY_PHASE_STRIP = NO;
				DEBUG_INFORMATION_FORMAT = "dwarf-with-dsym";
				ENABLE_NS_ASSERTIONS = NO;
				ENABLE_STRICT_OBJC_MSGSEND = YES;
				ENABLE_USER_SCRIPT_SANDBOXING = YES;
				GCC_C_LANGUAGE_STANDARD = gnu17;
				GCC_NO_COMMON_BLOCKS = YES;
				GCC_WARN_64_TO_32_BIT_CONVERSION = YES;
				GCC_WARN_ABOUT_RETURN_TYPE = YES_ERROR;
				GCC_WARN_UNDECLARED_SELECTOR = YES;
				GCC_WARN_UNINITIALIZED_AUTOS = YES_AGGRESSIVE;
				GCC_WARN_UNUSED_FUNCTION = YES;
				GCC_WARN_UNUSED_VARIABLE = YES;
				IPHONEOS_DEPLOYMENT_TARGET = 18.2;
				LOCALIZATION_PREFERS_STRING_CATALOGS = YES;
				MTL_ENABLE_DEBUG_INFO = NO;
				MTL_FAST_MATH = YES;
				SDKROOT = iphoneos;
				SWIFT_COMPILATION_MODE = wholemodule;
				VALIDATE_PRODUCT = YES;
			};
			name = Release;
		};
		CEE360CE2DCF78CC003012E2 /* Debug */ = {
			isa = XCBuildConfiguration;
			buildSettings = {
				ASSETCATALOG_COMPILER_APPICON_NAME = AppIcon;
				ASSETCATALOG_COMPILER_GLOBAL_ACCENT_COLOR_NAME = AccentColor;
				CODE_SIGN_IDENTITY = "Apple Development";
				CODE_SIGN_STYLE = Automatic;
				CURRENT_PROJECT_VERSION = 1;
				DEVELOPMENT_ASSET_PATHS = "";
				DEVELOPMENT_TEAM = 2A94DTLNP5;
				ENABLE_PREVIEWS = YES;
				GENERATE_INFOPLIST_FILE = YES;
				INFOPLIST_FILE = BuggyCoins/Info.plist;
				INFOPLIST_KEY_CFBundleDisplayName = BuggyCoins;
				INFOPLIST_KEY_LSApplicationCategoryType = "public.app-category.lifestyle";
				INFOPLIST_KEY_UIApplicationSceneManifest_Generation = YES;
				INFOPLIST_KEY_UIApplicationSupportsIndirectInputEvents = YES;
				INFOPLIST_KEY_UILaunchScreen_Generation = YES;
				INFOPLIST_KEY_UILaunchStoryboardName = LaunchScreen.storyboard;
				INFOPLIST_KEY_UIRequiresFullScreen = YES;
				INFOPLIST_KEY_UIStatusBarStyle = "";
				INFOPLIST_KEY_UISupportedInterfaceOrientations = UIInterfaceOrientationPortrait;
				INFOPLIST_KEY_UISupportedInterfaceOrientations_iPad = "UIInterfaceOrientationPortrait UIInterfaceOrientationPortraitUpsideDown";
				IPHONEOS_DEPLOYMENT_TARGET = 15.6;
				LD_RUNPATH_SEARCH_PATHS = (
					"$(inherited)",
					"@executable_path/Frameworks",
				);
				MARKETING_VERSION = 1.0;
				PRODUCT_BUNDLE_IDENTIFIER = iam5akda.BuggyCoins;
				PRODUCT_NAME = "$(TARGET_NAME)";
				PROVISIONING_PROFILE_SPECIFIER = "";
				SUPPORTED_PLATFORMS = "iphoneos iphonesimulator";
				SUPPORTS_MACCATALYST = NO;
				SUPPORTS_MAC_DESIGNED_FOR_IPHONE_IPAD = NO;
				SUPPORTS_XR_DESIGNED_FOR_IPHONE_IPAD = NO;
				SWIFT_EMIT_LOC_STRINGS = YES;
				SWIFT_VERSION = 5.0;
				TARGETED_DEVICE_FAMILY = 1;
			};
			name = Debug;
		};
		CEE360CF2DCF78CC003012E2 /* Release */ = {
			isa = XCBuildConfiguration;
			buildSettings = {
				ASSETCATALOG_COMPILER_APPICON_NAME = AppIcon;
				ASSETCATALOG_COMPILER_GLOBAL_ACCENT_COLOR_NAME = AccentColor;
				CODE_SIGN_IDENTITY = "Apple Development";
				CODE_SIGN_STYLE = Automatic;
				CURRENT_PROJECT_VERSION = 1;
				DEVELOPMENT_ASSET_PATHS = "";
				DEVELOPMENT_TEAM = 2A94DTLNP5;
				ENABLE_PREVIEWS = YES;
				GENERATE_INFOPLIST_FILE = YES;
				INFOPLIST_FILE = BuggyCoins/Info.plist;
				INFOPLIST_KEY_CFBundleDisplayName = BuggyCoins;
				INFOPLIST_KEY_LSApplicationCategoryType = "public.app-category.lifestyle";
				INFOPLIST_KEY_UIApplicationSceneManifest_Generation = YES;
				INFOPLIST_KEY_UIApplicationSupportsIndirectInputEvents = YES;
				INFOPLIST_KEY_UILaunchScreen_Generation = YES;
				INFOPLIST_KEY_UILaunchStoryboardName = LaunchScreen.storyboard;
				INFOPLIST_KEY_UIRequiresFullScreen = YES;
				INFOPLIST_KEY_UIStatusBarStyle = "";
				INFOPLIST_KEY_UISupportedInterfaceOrientations = UIInterfaceOrientationPortrait;
				INFOPLIST_KEY_UISupportedInterfaceOrientations_iPad = "UIInterfaceOrientationPortrait UIInterfaceOrientationPortraitUpsideDown";
				IPHONEOS_DEPLOYMENT_TARGET = 15.6;
				LD_RUNPATH_SEARCH_PATHS = (
					"$(inherited)",
					"@executable_path/Frameworks",
				);
				MARKETING_VERSION = 1.0;
				PRODUCT_BUNDLE_IDENTIFIER = iam5akda.BuggyCoins;
				PRODUCT_NAME = "$(TARGET_NAME)";
				PROVISIONING_PROFILE_SPECIFIER = "";
				SUPPORTED_PLATFORMS = "iphoneos iphonesimulator";
				SUPPORTS_MACCATALYST = NO;
				SUPPORTS_MAC_DESIGNED_FOR_IPHONE_IPAD = NO;
				SUPPORTS_XR_DESIGNED_FOR_IPHONE_IPAD = NO;
				SWIFT_EMIT_LOC_STRINGS = YES;
				SWIFT_VERSION = 5.0;
				TARGETED_DEVICE_FAMILY = 1;
			};
			name = Release;
		};
		CEE360D12DCF78CC003012E2 /* Debug */ = {
			isa = XCBuildConfiguration;
			buildSettings = {
				BUNDLE_LOADER = "$(TEST_HOST)";
				CODE_SIGN_STYLE = Automatic;
				CURRENT_PROJECT_VERSION = 1;
				GENERATE_INFOPLIST_FILE = YES;
				IPHONEOS_DEPLOYMENT_TARGET = 18.2;
				MARKETING_VERSION = 1.0;
				PRODUCT_BUNDLE_IDENTIFIER = iam5akda.BuggyCoinsTests;
				PRODUCT_NAME = "$(TARGET_NAME)";
				SWIFT_EMIT_LOC_STRINGS = NO;
				SWIFT_VERSION = 5.0;
				TARGETED_DEVICE_FAMILY = "1,2";
				TEST_HOST = "$(BUILT_PRODUCTS_DIR)/BuggyCoins.app/$(BUNDLE_EXECUTABLE_FOLDER_PATH)/BuggyCoins";
			};
			name = Debug;
		};
		CEE360D22DCF78CC003012E2 /* Release */ = {
			isa = XCBuildConfiguration;
			buildSettings = {
				BUNDLE_LOADER = "$(TEST_HOST)";
				CODE_SIGN_STYLE = Automatic;
				CURRENT_PROJECT_VERSION = 1;
				GENERATE_INFOPLIST_FILE = YES;
				IPHONEOS_DEPLOYMENT_TARGET = 18.2;
				MARKETING_VERSION = 1.0;
				PRODUCT_BUNDLE_IDENTIFIER = iam5akda.BuggyCoinsTests;
				PRODUCT_NAME = "$(TARGET_NAME)";
				SWIFT_EMIT_LOC_STRINGS = NO;
				SWIFT_VERSION = 5.0;
				TARGETED_DEVICE_FAMILY = "1,2";
				TEST_HOST = "$(BUILT_PRODUCTS_DIR)/BuggyCoins.app/$(BUNDLE_EXECUTABLE_FOLDER_PATH)/BuggyCoins";
			};
			name = Release;
		};
		CEE360D42DCF78CC003012E2 /* Debug */ = {
			isa = XCBuildConfiguration;
			buildSettings = {
				CODE_SIGN_STYLE = Automatic;
				CURRENT_PROJECT_VERSION = 1;
				GENERATE_INFOPLIST_FILE = YES;
				MARKETING_VERSION = 1.0;
				PRODUCT_BUNDLE_IDENTIFIER = iam5akda.BuggyCoinsUITests;
				PRODUCT_NAME = "$(TARGET_NAME)";
				SWIFT_EMIT_LOC_STRINGS = NO;
				SWIFT_VERSION = 5.0;
				TARGETED_DEVICE_FAMILY = "1,2";
				TEST_TARGET_NAME = BuggyCoins;
			};
			name = Debug;
		};
		CEE360D52DCF78CC003012E2 /* Release */ = {
			isa = XCBuildConfiguration;
			buildSettings = {
				CODE_SIGN_STYLE = Automatic;
				CURRENT_PROJECT_VERSION = 1;
				GENERATE_INFOPLIST_FILE = YES;
				MARKETING_VERSION = 1.0;
				PRODUCT_BUNDLE_IDENTIFIER = iam5akda.BuggyCoinsUITests;
				PRODUCT_NAME = "$(TARGET_NAME)";
				SWIFT_EMIT_LOC_STRINGS = NO;
				SWIFT_VERSION = 5.0;
				TARGETED_DEVICE_FAMILY = "1,2";
				TEST_TARGET_NAME = BuggyCoins;
			};
			name = Release;
		};
/* End XCBuildConfiguration section */

/* Begin XCConfigurationList section */
		CEE360A42DCF78CA003012E2 /* Build configuration list for PBXProject "BuggyCoins" */ = {
			isa = XCConfigurationList;
			buildConfigurations = (
				CEE360CB2DCF78CC003012E2 /* Debug */,
				CEE360CC2DCF78CC003012E2 /* Release */,
			);
			defaultConfigurationIsVisible = 0;
			defaultConfigurationName = Release;
		};
		CEE360CD2DCF78CC003012E2 /* Build configuration list for PBXNativeTarget "BuggyCoins" */ = {
			isa = XCConfigurationList;
			buildConfigurations = (
				CEE360CE2DCF78CC003012E2 /* Debug */,
				CEE360CF2DCF78CC003012E2 /* Release */,
			);
			defaultConfigurationIsVisible = 0;
			defaultConfigurationName = Release;
		};
		CEE360D02DCF78CC003012E2 /* Build configuration list for PBXNativeTarget "BuggyCoinsTests" */ = {
			isa = XCConfigurationList;
			buildConfigurations = (
				CEE360D12DCF78CC003012E2 /* Debug */,
				CEE360D22DCF78CC003012E2 /* Release */,
			);
			defaultConfigurationIsVisible = 0;
			defaultConfigurationName = Release;
		};
		CEE360D32DCF78CC003012E2 /* Build configuration list for PBXNativeTarget "BuggyCoinsUITests" */ = {
			isa = XCConfigurationList;
			buildConfigurations = (
				CEE360D42DCF78CC003012E2 /* Debug */,
				CEE360D52DCF78CC003012E2 /* Release */,
			);
			defaultConfigurationIsVisible = 0;
			defaultConfigurationName = Release;
		};
/* End XCConfigurationList section */
	};
	rootObject = CEE360A12DCF78CA003012E2 /* Project object */;
}
